# THIS IS AN AUTOGENERATED FILE. DO NOT EDIT THIS FILE DIRECTLY.
# yarn lockfile v1


"@types/prop-types@*":
  version "15.7.1"
  resolved "http://registry.npm.taobao.org/@types/prop-types/download/@types/prop-types-15.7.1.tgz#f1a11e7babb0c3cad68100be381d1e064c68f1f6"
  integrity sha1-8aEee6uww8rWgQC+OB0eBkxo8fY=

"@types/react-dom@^16.8.4":
  version "16.8.4"
  resolved "http://registry.npm.taobao.org/@types/react-dom/download/@types/react-dom-16.8.4.tgz#7fb7ba368857c7aa0f4e4511c4710ca2c5a12a88"
  integrity sha1-f7e6NohXx6oPTkURxHEMosWhKog=
  dependencies:
    "@types/react" "*"

"@types/react@*", "@types/react@^16.8.14":
  version "16.8.14"
  resolved "http://registry.npm.taobao.org/@types/react/download/@types/react-16.8.14.tgz#b561bfabeb8f60d12e6d4766367e7a9ae927aa18"
  integrity sha1-tWG/q+uPYNEubUdmNn56muknqhg=
  dependencies:
    "@types/prop-types" "*"
    csstype "^2.2.0"

csstype@^2.2.0:
  version "2.6.4"
  resolved "http://registry.npm.taobao.org/csstype/download/csstype-2.6.4.tgz#d585a6062096e324e7187f80e04f92bd0f00e37f"
  integrity sha1-1YWmBiCW4yTnGH+A4E+SvQ8A438=

"js-tokens@^3.0.0 || ^4.0.0":
  version "4.0.0"
  resolved "http://registry.npm.taobao.org/js-tokens/download/js-tokens-4.0.0.tgz#19203fb59991df98e3a287050d4647cdeaf32499"
  integrity sha1-GSA/tZmR35jjoocFDUZHzerzJJk=

loose-envify@^1.1.0, loose-envify@^1.4.0:
  version "1.4.0"
  resolved "http://registry.npm.taobao.org/loose-envify/download/loose-envify-1.4.0.tgz#71ee51fa7be4caec1a63839f7e682d8132d30caf"
  integrity sha1-ce5R+nvkyuwaY4OffmgtgTLTDK8=
  dependencies:
    js-tokens "^3.0.0 || ^4.0.0"

object-assign@^4.1.1:
  version "4.1.1"
  resolved "http://registry.npm.taobao.org/object-assign/download/object-assign-4.1.1.tgz#2109adc7965887cfc05cbbd442cac8bfbb360863"
  integrity sha1-IQmtx5ZYh8/AXLvUQsrIv7s2CGM=

prop-types@^15.6.2:
  version "15.7.2"
  resolved "http://registry.npm.taobao.org/prop-types/download/prop-types-15.7.2.tgz#52c41e75b8c87e72b9d9360e0206b99dcbffa6c5"
  integrity sha1-UsQedbjIfnK52TYOAga5ncv/psU=
  dependencies:
    loose-envify "^1.4.0"
    object-assign "^4.1.1"
    react-is "^16.8.1"

react-dom@^16.8.6:
  version "16.8.6"
  resolved "http://registry.npm.taobao.org/react-dom/download/react-dom-16.8.6.tgz#71d6303f631e8b0097f56165ef608f051ff6e10f"
  integrity sha1-cdYwP2MeiwCX9WFl72CPBR/24Q8=
  dependencies:
    loose-envify "^1.1.0"
    object-assign "^4.1.1"
    prop-types "^15.6.2"
    scheduler "^0.13.6"

react-is@^16.8.1:
  version "16.8.6"
  resolved "http://registry.npm.taobao.org/react-is/download/react-is-16.8.6.tgz#5bbc1e2d29141c9fbdfed456343fe2bc430a6a16"
  integrity sha1-W7weLSkUHJ+9/tRWND/ivEMKahY=

react@^16.8.6:
  version "16.8.6"
  resolved "http://registry.npm.taobao.org/react/download/react-16.8.6.tgz#ad6c3a9614fd3a4e9ef51117f54d888da01f2bbe"
  integrity sha1-rWw6lhT9Ok6e9REX9U2IjaAfK74=
  dependencies:
    loose-envify "^1.1.0"
    object-assign "^4.1.1"
    prop-types "^15.6.2"
    scheduler "^0.13.6"

scheduler@^0.13.6:
  version "0.13.6"
  resolved "http://registry.npm.taobao.org/scheduler/download/scheduler-0.13.6.tgz#466a4ec332467b31a91b9bf74e5347072e4cd889"
  integrity sha1-RmpOwzJGezGpG5v3TlNHBy5M2Ik=
  dependencies:
    loose-envify "^1.1.0"
    object-assign "^4.1.1"

tslib@^1.9.3:
  version "1.9.3"
  resolved "http://registry.npm.taobao.org/tslib/download/tslib-1.9.3.tgz#d7e4dd79245d85428c4d7e4822a79917954ca286"
  integrity sha1-1+TdeSRdhUKMTX5IIqeZF5VMooY=

typescript@^3.5.0-dev.20190420:
  version "3.5.0-dev.20190420"
  resolved "http://registry.npm.taobao.org/typescript/download/typescript-3.5.0-dev.20190420.tgz#75e50639c684a528da45244ca4958dd8490b25f2"
  integrity sha1-deUGOcaEpSjaRSRMpJWN2EkLJfI=
